{
  "lockfileVersion": 1,
  "configVersion": 1,
  "workspaces": {
    "": {
      "name": "thinkts-saas",
      "devDependencies": {
        "@types/bun": "latest",
        "reflect-metadata": "^0.2.2",
        "typescript": "^5.4.0",
        "valibot": "^1.4.1",
      },
    },
    "apps/iotbiz": {
      "name": "@app/iotbiz",
      "version": "0.1.0",
      "dependencies": {
        "@thinkts/cms": "workspace:*",
        "@thinkts/identity": "workspace:*",
        "@thinkts/payment": "workspace:*",
        "@thinkts/permission": "workspace:*",
        "@thinkts/promote": "workspace:*",
        "@thinkts/tenant": "workspace:*",
        "@thinkts/trade": "workspace:*",
        "thinkts": "workspace:*",
      },
    },
    "packages/cms": {
      "name": "@thinkts/cms",
      "version": "0.1.0",
      "dependencies": {
        "thinkts": "workspace:*",
      },
    },
    "packages/identity": {
      "name": "@thinkts/identity",
      "version": "0.1.0",
      "dependencies": {
        "thinkts": "workspace:*",
      },
    },
    "packages/payment": {
      "name": "@thinkts/payment",
      "version": "0.1.0",
      "dependencies": {
        "thinkts": "workspace:*",
      },
    },
    "packages/permission": {
      "name": "@thinkts/permission",
      "version": "0.1.0",
      "dependencies": {
        "thinkts": "workspace:*",
      },
    },
    "packages/promote": {
      "name": "@thinkts/promote",
      "version": "0.1.0",
      "dependencies": {
        "thinkts": "workspace:*",
      },
    },
    "packages/tenant": {
      "name": "@thinkts/tenant",
      "version": "0.1.0",
      "dependencies": {
        "thinkts": "workspace:*",
      },
    },
    "packages/thinkts": {
      "name": "thinkts",
      "version": "1.0.0",
    },
    "packages/thinkts-cli": {
      "name": "thinkts-cli",
      "version": "1.0.0",
      "bin": {
        "thinkts": "src/index.ts",
      },
      "dependencies": {
        "thinkts": "file:../thinkts",
      },
      "devDependencies": {
        "@types/bun": "latest",
        "typescript": "^5.4.0",
      },
    },
    "packages/trade": {
      "name": "@thinkts/trade",
      "version": "0.1.0",
      "dependencies": {
        "thinkts": "workspace:*",
      },
    },
  },
  "packages": {
    "@app/iotbiz": ["@app/iotbiz@workspace:apps/iotbiz"],

    "@thinkts/cms": ["@thinkts/cms@workspace:packages/cms"],

    "@thinkts/identity": ["@thinkts/identity@workspace:packages/identity"],

    "@thinkts/payment": ["@thinkts/payment@workspace:packages/payment"],

    "@thinkts/permission": ["@thinkts/permission@workspace:packages/permission"],

    "@thinkts/promote": ["@thinkts/promote@workspace:packages/promote"],

    "@thinkts/tenant": ["@thinkts/tenant@workspace:packages/tenant"],

    "@thinkts/trade": ["@thinkts/trade@workspace:packages/trade"],

    "@types/bun": ["@types/bun@1.3.14", "", { "dependencies": { "bun-types": "1.3.14" } }, "sha512-h1hFqFVcvAvD9j9K7ZW7vd82aSA+rTdznZa+5bwvCwqSB1jmmfLcbIWhOLx1/+boy/xmjgCs/OMUL8hRJSmnPw=="],

    "@types/node": ["@types/node@26.1.0", "", { "dependencies": { "undici-types": "~8.3.0" } }, "sha512-O0A1G3xPGy4w7AgQdAQYUlQ+BKk2Oovw8eRpofyp5KdBZULnbe+WqaOVNrm705SHphCiG4XHsACrSmPu1f+Kgw=="],

    "bun-types": ["bun-types@1.3.14", "", { "dependencies": { "@types/node": "*" } }, "sha512-4N0ig0fEomHt5R0KCFWjovxow98rIoRwKolrYdCcknNwMekCXRnWEUvgu5soYV8QXtVsrUD8B95MBOZGPvr6KQ=="],

    "reflect-metadata": ["reflect-metadata@0.2.2", "", {}, "sha512-urBwgfrvVP/eAyXx4hluJivBKzuEbSQs9rKWCrCkbSxNv8mxPcUZKeuoF3Uy4mJl3Lwprp6yy5/39VWigZ4K6Q=="],

    "thinkts": ["thinkts@workspace:packages/thinkts"],

    "thinkts-cli": ["thinkts-cli@workspace:packages/thinkts-cli"],

    "typescript": ["typescript@5.9.3", "", { "bin": { "tsc": "bin/tsc", "tsserver": "bin/tsserver" } }, "sha512-jl1vZzPDinLr9eUt3J/t7V6FgNEw9QjvBPdysz9KfQDD41fQrC2Y4vKQdiaUpFT4bXlb1RHhLpp8wtm6M5TgSw=="],

    "undici-types": ["undici-types@8.3.0", "", {}, "sha512-j375ScV60dom+YkPFIfTLcOiPxkN/buHz5GobjLhixFuANaNs3C9l4GmrWqejgXWJ7BbJcFYpTEUkS1Ge8bpZQ=="],

    "valibot": ["valibot@1.4.2", "", { "peerDependencies": { "typescript": ">=5" }, "optionalPeers": ["typescript"] }, "sha512-gjdCvJ6d3RyHAneqxMYMW9QMCwYMb3jpOO0IyHZV1bnRHFBHrX3VkIILt5XYR0WhwHiH7Mty8ovuPZ/O3gamrg=="],

    "thinkts-cli/thinkts": ["thinkts@file:packages/thinkts", {}],
  }
}
